// !$*UTF8*$!
{
	archiveVersion = 1;
	classes = {
	};
	objectVersion = 46;
	objects = {

/* Begin PBXBuildFile section */
		11B933C51CEDD88E00425AAB /* AppDelegate.swift in Sources */ = {isa = PBXBuildFile; fileRef = 11B933C41CEDD88E00425AAB /* AppDelegate.swift */; };
		11B933C71CEDD88E00425AAB /* ViewController.swift in Sources */ = {isa = PBXBuildFile; fileRef = 11B933C61CEDD88E00425AAB /* ViewController.swift */; };
		11B933CA1CEDD88E00425AAB /* Main.storyboard in Resources */ = {isa = PBXBuildFile; fileRef = 11B933C81CEDD88E00425AAB /* Main.storyboard */; };
		11B933CC1CEDD88E00425AAB /* Assets.xcassets in Resources */ = {isa = PBXBuildFile; fileRef = 11B933CB1CEDD88E00425AAB /* Assets.xcassets */; };
		11B933CF1CEDD88E00425AAB /* LaunchScreen.storyboard in Resources */ = {isa = PBXBuildFile; fileRef = 11B933CD1CEDD88E00425AAB /* LaunchScreen.storyboard */; };
/* End PBXBuildFile section */

/* Begin PBXFileReference section */
		11B933C11CEDD88E00425AAB /* stickf.app */ = {isa = PBXFileReference; explicitFileType = wrapper.application; includeInIndex = 0; path = stickf.app; sourceTree = BUILT_PRODUCTS_DIR; };
		11B933C41CEDD88E00425AAB /* AppDelegate.swift */ = {isa = PBXFileReference; lastKnownFileType = sourcecode.swift; path = AppDelegate.swift; sourceTree = "<group>"; };
		11B933C61CEDD88E00425AAB /* ViewController.swift */ = {isa = PBXFileReference; lastKnownFileType = sourcecode.swift; path = ViewController.swift; sourceTree = "<group>"; };
		11B933C91CEDD88E00425AAB /* Base */ = {isa = PBXFileReference; lastKnownFileType = file.storyboard; name = Base; path = Base.lproj/Main.storyboard; sourceTree = "<group>"; };
		11B933CB1CEDD88E00425AAB /* Assets.xcassets */ = {isa = PBXFileReference; lastKnownFileType = folder.assetcatalog; path = Assets.xcassets; sourceTree = "<group>"; };
		11B933CE1CEDD88E00425AAB /* Base */ = {isa = PBXFileReference; lastKnownFileType = file.storyboard; name = Base; path = Base.lproj/LaunchScreen.storyboard; sourceTree = "<group>"; };
		11B933D01CEDD88E00425AAB /* Info.plist */ = {isa = PBXFileReference; lastKnownFileType = text.plist.xml; path = Info.plist; sourceTree = "<group>"; };
/* End PBXFileReference section */

/* Begin PBXFrameworksBuildPhase section */
		11B933BE1CEDD88E00425AAB /* Frameworks */ = {
			isa = PBXFrameworksBuildPhase;
			buildActionMask = 2147483647;
			files = (
			);
			runOnlyForDeploymentPostprocessing = 0;
		};
/* End PBXFrameworksBuildPhase section */

/* Begin PBXGroup section */
		11B933B81CEDD88E00425AAB = {
			isa = PBXGroup;
			children = (
				11B933C31CEDD88E00425AAB /* stickf */,
				11B933C21CEDD88E00425AAB /* Products */,
			);
			sourceTree = "<group>";
		};
		11B933C21CEDD88E00425AAB /* Products */ = {
			isa = PBXGroup;
			children = (
				11B933C11CEDD88E00425AAB /* stickf.app */,
			);
			name = Products;
			sourceTree = "<group>";
		};
		11B933C31CEDD88E00425AAB /* stickf */ = {
			isa = PBXGroup;
			children = (
				11B933C41CEDD88E00425AAB /* AppDelegate.swift */,
				11B933C61CEDD88E00425AAB /* ViewController.swift */,
				11B933C81CEDD88E00425AAB /* Main.storyboard */,
				11B933CB1CEDD88E00425AAB /* Assets.xcassets */,
				11B933CD1CEDD88E00425AAB /* LaunchScreen.storyboard */,
				11B933D01CEDD88E00425AAB /* Info.plist */,
			);
			path = stickf;
			sourceTree = "<group>";
		};
/* End PBXGroup section */

/* Begin PBXNativeTarget section */
		11B933C01CEDD88E00425AAB /* stickf */ = {
			isa = PBXNativeTarget;
			buildConfigurationList = 11B933D31CEDD88E00425AAB /* Build configuration list for PBXNativeTarget "stickf" */;
			buildPhases = (
				11B933BD1CEDD88E00425AAB /* Sources */,
				11B933BE1CEDD88E00425AAB /* Frameworks */,
				11B933BF1CEDD88E00425AAB /* Resources */,
			);
			buildRules = (
			);
			dependencies = (
			);
			name = stickf;
			productName = stickf;
			productReference = 11B933C11CEDD88E00425AAB /* stickf.app */;
			productType = "com.apple.product-type.application";
		};
/* End PBXNativeTarget section */

/* Begin PBXProject section */
		11B933B91CEDD88E00425AAB /* Project object */ = {
			isa = PBXProject;
			attributes = {
				LastSwiftUpdateCheck = 0730;
				LastUpgradeCheck = 0730;
				ORGANIZATIONNAME = "Reframe, LLC.";
				TargetAttributes = {
					11B933C01CEDD88E00425AAB = {
						CreatedOnToolsVersion = 7.3.1;
					};
				};
			};
			buildConfigurationList = 11B933BC1CEDD88E00425AAB /* Build configuration list for PBXProject "stickf" */;
			compatibilityVersion = "Xcode 3.2";
			developmentRegion = English;
			hasScannedForEncodings = 0;
			knownRegions = (
				en,
				Base,
			);
			mainGroup = 11B933B81CEDD88E00425AAB;
			productRefGroup = 11B933C21CEDD88E00425AAB /* Products */;
			projectDirPath = "";
			projectRoot = "";
			targets = (
				11B933C01CEDD88E00425AAB /* stickf */,
			);
		};
/* End PBXProject section */

/* Begin PBXResourcesBuildPhase section */
		11B933BF1CEDD88E00425AAB /* Resources */ = {
			isa = PBXResourcesBuildPhase;
			buildActionMask = 2147483647;
			files = (
				11B933CF1CEDD88E00425AAB /* LaunchScreen.storyboard in Resources */,
				11B933CC1CEDD88E00425AAB /* Assets.xcassets in Resources */,
				11B933CA1CEDD88E00425AAB /* Main.storyboard in Resources */,
			);
			runOnlyForDeploymentPostprocessing = 0;
		};
/* End PBXResourcesBuildPhase section */

/* Begin PBXSourcesBuildPhase section */
		11B933BD1CEDD88E00425AAB /* Sources */ = {
			isa = PBXSourcesBuildPhase;
			buildActionMask = 2147483647;
			files = (
				11B933C71CEDD88E00425AAB /* ViewController.swift in Sources */,
				11B933C51CEDD88E00425AAB /* AppDelegate.swift in Sources */,
			);
			runOnlyForDeploymentPostprocessing = 0;
		};
/* End PBXSourcesBuildPhase section */

/* Begin PBXVariantGroup section */
		11B933C81CEDD88E00425AAB /* Main.storyboard */ = {
			isa = PBXVariantGroup;
			children = (
				11B933C91CEDD88E00425AAB /* Base */,
			);
			name = Main.storyboard;
			sourceTree = "<group>";
		};
		11B933CD1CEDD88E00425AAB /* LaunchScreen.storyboard */ = {
			isa = PBXVariantGroup;
			children = (
				11B933CE1CEDD88E00425AAB /* Base */,
			);
			name = LaunchScreen.storyboard;
			sourceTree = "<group>";
		};
/* End PBXVariantGroup section */

/* Begin XCBuildConfiguration section */
		11B933D11CEDD88E00425AAB /* Debug */ = {
			isa = XCBuildConfiguration;
			buildSettings = {
				ALWAYS_SEARCH_USER_PATHS = NO;
				CLANG_ANALYZER_NONNULL = YES;
				CLANG_CXX_LANGUAGE_STANDARD = "gnu++0x";
				CLANG_CXX_LIBRARY = "libc++";
				CLANG_ENABLE_MODULES = YES;
				CLANG_ENABLE_OBJC_ARC = YES;
				CLANG_WARN_BOOL_CONVERSION = YES;
				CLANG_WARN_CONSTANT_CONVERSION = YES;
				CLANG_WARN_DIRECT_OBJC_ISA_USAGE = YES_ERROR;
				CLANG_WARN_EMPTY_BODY = YES;
				CLANG_WARN_ENUM_CONVERSION = YES;
				CLANG_WARN_INT_CONVERSION = YES;
				CLANG_WARN_OBJC_ROOT_CLASS = YES_ERROR;
				CLANG_WARN_UNREACHABLE_CODE = YES;
				CLANG_WARN__DUPLICATE_METHOD_MATCH = YES;
				"CODE_SIGN_IDENTITY[sdk=iphoneos*]" = "iPhone Developer";
				COPY_PHASE_STRIP = NO;
				DEBUG_INFORMATION_FORMAT = dwarf;
				ENABLE_STRICT_OBJC_MSGSEND = YES;
				ENABLE_TESTABILITY = YES;
				GCC_C_LANGUAGE_STANDARD = gnu99;
				GCC_DYNAMIC_NO_PIC = NO;
				GCC_NO_COMMON_BLOCKS = YES;
				GCC_OPTIMIZATION_LEVEL = 0;
				GCC_PREPROCESSOR_DEFINITIONS = (
					"DEBUG=1",
					"$(inherited)",
				);
				GCC_WARN_64_TO_32_BIT_CONVERSION = YES;
				GCC_WARN_ABOUT_RETURN_TYPE = YES_ERROR;
				GCC_WARN_UNDECLARED_SELECTOR = YES;
				GCC_WARN_UNINITIALIZED_AUTOS = YES_AGGRESSIVE;
				GCC_WARN_UNUSED_FUNCTION = YES;
				GCC_WARN_UNUSED_VARIABLE = YES;
				IPHONEOS_DEPLOYMENT_TARGET = 9.3;
				MTL_ENABLE_DEBUG_INFO = YES;
				ONLY_ACTIVE_ARCH = YES;
				SDKROOT = iphoneos;
				SWIFT_OPTIMIZATION_LEVEL = "-Onone";
			};
			name = Debug;
		};
		11B933D21CEDD88E00425AAB /* Release */ = {
			isa = XCBuildConfiguration;
			buildSettings = {
				ALWAYS_SEARCH_USER_PATHS = NO;
				CLANG_ANALYZER_NONNULL = YES;
				CLANG_CXX_LANGUAGE_STANDARD = "gnu++0x";
				CLANG_CXX_LIBRARY = "libc++";
				CLANG_ENABLE_MODULES = YES;
				CLANG_ENABLE_OBJC_ARC = YES;
				CLANG_WARN_BOOL_CONVERSION = YES;
				CLANG_WARN_CONSTANT_CONVERSION = YES;
				CLANG_WARN_DIRECT_OBJC_ISA_USAGE = YES_ERROR;
				CLANG_WARN_EMPTY_BODY = YES;
				CLANG_WARN_ENUM_CONVERSION = YES;
				CLANG_WARN_INT_CONVERSION = YES;
				CLANG_WARN_OBJC_ROOT_CLASS = YES_ERROR;
				CLANG_WARN_UNREACHABLE_CODE = YES;
				CLANG_WARN__DUPLICATE_METHOD_MATCH = YES;
				"CODE_SIGN_IDENTITY[sdk=iphoneos*]" = "iPhone Developer";
				COPY_PHASE_STRIP = NO;
				DEBUG_INFORMATION_FORMAT = "dwarf-with-dsym";
				ENABLE_NS_ASSERTIONS = NO;
				ENABLE_STRICT_OBJC_MSGSEND = YES;
				GCC_C_LANGUAGE_STANDARD = gnu99;
				GCC_NO_COMMON_BLOCKS = YES;
				GCC_WARN_64_TO_32_BIT_CONVERSION = YES;
				GCC_WARN_ABOUT_RETURN_TYPE = YES_ERROR;
				GCC_WARN_UNDECLARED_SELECTOR = YES;
				GCC_WARN_UNINITIALIZED_AUTOS = YES_AGGRESSIVE;
				GCC_WARN_UNUSED_FUNCTION = YES;
				GCC_WARN_UNUSED_VARIABLE = YES;
				IPHONEOS_DEPLOYMENT_TARGET = 9.3;
				MTL_ENABLE_DEBUG_INFO = NO;
				SDKROOT = iphoneos;
				VALIDATE_PRODUCT = YES;
			};
			name = Release;
		};
		11B933D41CEDD88E00425AAB /* Debug */ = {
			isa = XCBuildConfiguration;
			buildSettings = {
				ASSETCATALOG_COMPILER_APPICON_NAME = AppIcon;
				INFOPLIST_FILE = stickf/Info.plist;
				LD_RUNPATH_SEARCH_PATHS = "$(inherited) @executable_path/Frameworks";
				PRODUCT_BUNDLE_IDENTIFIER = tech.onagawa.stickf;
				PRODUCT_NAME = "$(TARGET_NAME)";
			};
			name = Debug;
		};
		11B933D51CEDD88E00425AAB /* Release */ = {
			isa = XCBuildConfiguration;
			buildSettings = {
				ASSETCATALOG_COMPILER_APPICON_NAME = AppIcon;
				INFOPLIST_FILE = stickf/Info.plist;
				LD_RUNPATH_SEARCH_PATHS = "$(inherited) @executable_path/Frameworks";
				PRODUCT_BUNDLE_IDENTIFIER = tech.onagawa.stickf;
				PRODUCT_NAME = "$(TARGET_NAME)";
			};
			name = Release;
		};
/* End XCBuildConfiguration section */

/* Begin XCConfigurationList section */
		11B933BC1CEDD88E00425AAB /* Build configuration list for PBXProject "stickf" */ = {
			isa = XCConfigurationList;
			buildConfigurations = (
				11B933D11CEDD88E00425AAB /* Debug */,
				11B933D21CEDD88E00425AAB /* Release */,
			);
			defaultConfigurationIsVisible = 0;
			defaultConfigurationName = Release;
		};
		11B933D31CEDD88E00425AAB /* Build configuration list for PBXNativeTarget "stickf" */ = {
			isa = XCConfigurationList;
			buildConfigurations = (
				11B933D41CEDD88E00425AAB /* Debug */,
				11B933D51CEDD88E00425AAB /* Release */,
			);
			defaultConfigurationIsVisible = 0;
		};
/* End XCConfigurationList section */
	};
	rootObject = 11B933B91CEDD88E00425AAB /* Project object */;
}
